
Microsoft Visual Studio Solution File, Format Version 12.00
# Visual Studio Version 17
VisualStudioVersion = 17.7.34202.233
MinimumVisualStudioVersion = 10.0.40219.1
Project("{9A19103F-16F7-4668-BE54-9A1E7A4F7556}") = "Assignments.ConsoleCalculator", "Assignments.ConsoleCalculator\Assignments.ConsoleCalculator.csproj", "{0F20EF2D-CD53-4376-A082-A7DB3CDC771B}"
EndProject
Project("{9A19103F-16F7-4668-BE54-9A1E7A4F7556}") = "Classroom.AgeBracketDetermination", "Classroom.AgeBracketDetermination\Classroom.AgeBracketDetermination.csproj", "{67FF74AE-8965-4845-AE3D-0BC6A7FF7042}"
EndProject
Project("{9A19103F-16F7-4668-BE54-9A1E7A4F7556}") = "Classroom.WeekdayOrWeekend", "Classroom.WeekdayOrWeekend\Classroom.WeekdayOrWeekend.csproj", "{61A93E0B-B299-428B-B8DA-F1976FF8E750}"
EndProject
Project("{9A19103F-16F7-4668-BE54-9A1E7A4F7556}") = "Assignments.VowelOrNot", "Assignments.VowelOrNot\Assignments.VowelOrNot.csproj", "{F5509ED0-730C-41F6-AF19-B0B34B264ECD}"
EndProject
Project("{9A19103F-16F7-4668-BE54-9A1E7A4F7556}") = "Assignments.NthFibonacci", "Assignments.NthFibonacci\Assignments.NthFibonacci.csproj", "{D6F2701E-96AA-47DE-9042-BF15D741DA3D}"
EndProject
Project("{9A19103F-16F7-4668-BE54-9A1E7A4F7556}") = "Assignments.BinarySearch", "Assignments.BinarySearch\Assignments.BinarySearch.csproj", "{F83DF1E0-6091-4AC0-94D0-F4226F09D95A}"
EndProject
Project("{9A19103F-16F7-4668-BE54-9A1E7A4F7556}") = "Assignments.NumberToBinary", "Assignments.NumberToBinary\Assignments.NumberToBinary.csproj", "{3F7EBB50-36CB-4D17-9A0A-DCE9A77C7835}"
EndProject
Project("{9A19103F-16F7-4668-BE54-9A1E7A4F7556}") = "Clasroom.NumberPrinter", "Clasroom.NumberPrinter\Clasroom.NumberPrinter.csproj", "{3878FEC6-6B2C-4F59-9971-7EF5C778DE38}"
EndProject
Project("{9A19103F-16F7-4668-BE54-9A1E7A4F7556}") = "Clasroom.EvenNumberFinder", "Classroom.EvenNumberFinder\Clasroom.EvenNumberFinder.csproj", "{FB351DC6-182B-442F-8190-3FC253C53A13}"
EndProject
Project("{9A19103F-16F7-4668-BE54-9A1E7A4F7556}") = "Clasroom.MultiplicationTableGenerator", "Clasroom.MultiplicationTableGenerator\Clasroom.MultiplicationTableGenerator.csproj", "{9BD55098-527B-43EC-9422-73F7162C965E}"
EndProject
Project("{9A19103F-16F7-4668-BE54-9A1E7A4F7556}") = "Classroom.TempConverter", "Classroom.TempConverter\Classroom.TempConverter.csproj", "{6540D481-B420-4BAB-89DC-B0EEF9F2D3A8}"
EndProject
Project("{9A19103F-16F7-4668-BE54-9A1E7A4F7556}") = "Assignments.TicTacToe", "Assignments.TicTacToe\Assignments.TicTacToe.csproj", "{569CA69F-C74C-4BA0-B727-14B0C5DA6A18}"
EndProject
Project("{9A19103F-16F7-4668-BE54-9A1E7A4F7556}") = "Classroom.DiscountCalculator", "Classroom.DiscountCalculator\Classroom.DiscountCalculator.csproj", "{C668077B-4BE0-45D8-BA5A-3D2EFAE3B011}"
EndProject
Project("{9A19103F-16F7-4668-BE54-9A1E7A4F7556}") = "Classroom.DayPlanner", "Classroom.DayPlanner\Classroom.DayPlanner.csproj", "{A0B1B16D-B4B5-4972-BE13-AA7C56C8389D}"
EndProject
Project("{9A19103F-16F7-4668-BE54-9A1E7A4F7556}") = "Classroom.WeatherAdviser", "Classroom.WeatherAdviser\Classroom.WeatherAdviser.csproj", "{027B8634-CFAF-4D68-8B28-B659E9B2F507}"
EndProject
Project("{9A19103F-16F7-4668-BE54-9A1E7A4F7556}") = "Assignments.MoveElementToEnd", "Assignments.MoveElementToEnd\Assignments.MoveElementToEnd.csproj", "{B05DE573-6D8E-4F4E-A647-DAFA591747DB}"
EndProject
Project("{9A19103F-16F7-4668-BE54-9A1E7A4F7556}") = "Classroom.InvestmentForecaster", "Classroom.InvestmentForecaster\Classroom.InvestmentForecaster.csproj", "{B07DA8C2-212B-4A9B-BB24-297C20AFC71D}"
EndProject
Project("{9A19103F-16F7-4668-BE54-9A1E7A4F7556}") = "Classroom.GradeAnalyzer", "Classroom.GradeAnalyzer\Classroom.GradeAnalyzer.csproj", "{D345972D-FA04-4642-9731-E40DF3715258}"
EndProject
Project("{9A19103F-16F7-4668-BE54-9A1E7A4F7556}") = "Classroom.AdvancedCalculator", "Classroom.AdvancedCalculator\Classroom.AdvancedCalculator.csproj", "{7667AC04-195D-4B7D-A8D0-ECC003F4AE04}"
EndProject
Project("{9A19103F-16F7-4668-BE54-9A1E7A4F7556}") = "Classroom.ArrayOperations", "Classroom.ArrayOperations\Classroom.ArrayOperations.csproj", "{C8538669-66FE-4EC5-8168-7D6BD140CFC6}"
EndProject
Project("{9A19103F-16F7-4668-BE54-9A1E7A4F7556}") = "Classroom.SeatReservation", "Classroom.SeatReservation\Classroom.SeatReservation.csproj", "{EE5C5132-6CBA-4305-8216-4AFB6D4F7C19}"
EndProject
Project("{9A19103F-16F7-4668-BE54-9A1E7A4F7556}") = "Classroom.PalindromeChecker", "Classroom.PalindromeChecker\Classroom.PalindromeChecker.csproj", "{004330FD-3598-4C57-994A-ED8D4E1A039E}"
EndProject
Project("{9A19103F-16F7-4668-BE54-9A1E7A4F7556}") = "Classroom.TextAnalyzer", "Classroom.TextAnalyzer\Classroom.TextAnalyzer.csproj", "{D5810233-697B-44D5-AFDD-7EF6C4DC7467}"
EndProject
Project("{9A19103F-16F7-4668-BE54-9A1E7A4F7556}") = "Classroom.HTMLTagRemover", "Classroom.HTMLTagRemover\Classroom.HTMLTagRemover.csproj", "{6DBB1362-E8B8-47A1-8636-F21C1358E596}"
EndProject
Project("{9A19103F-16F7-4668-BE54-9A1E7A4F7556}") = "Classroom.PersonClass", "Classroom.PersonClass\Classroom.PersonClass.csproj", "{2DE67929-A290-4BAE-AA51-252684913319}"
EndProject
Project("{9A19103F-16F7-4668-BE54-9A1E7A4F7556}") = "Classroom.SimpleBankAccount", "Classroom.SimpleBankAccount\Classroom.SimpleBankAccount.csproj", "{45A8C21F-3A41-499D-8494-B96AE8CED0C5}"
EndProject
Project("{9A19103F-16F7-4668-BE54-9A1E7A4F7556}") = "Classroom.Encapsulation", "Classroom.Encapsulation\Classroom.Encapsulation.csproj", "{3C4E23F8-09A7-498A-A317-EA8A5D9005A8}"
EndProject
Project("{9A19103F-16F7-4668-BE54-9A1E7A4F7556}") = "Assignments.BurgerBuilder", "Assignments.BurgerBuilder\Assignments.BurgerBuilder.csproj", "{5B287881-07C6-43C7-B187-65652A65D738}"
EndProject
Project("{2150E333-8FDC-42A3-9474-1A3956D46DE8}") = "Solution Items", "Solution Items", "{05654FC6-6F49-4998-8E6C-FF69130DFDAF}"
	ProjectSection(SolutionItems) = preProject
		.editorconfig = .editorconfig
	EndProjectSection
EndProject
Project("{9A19103F-16F7-4668-BE54-9A1E7A4F7556}") = "Classroom.AnimalHierarchy", "Classroom.AnimalHierarchy\Classroom.AnimalHierarchy.csproj", "{8B0B7354-7F3B-4619-B00E-813382783ED2}"
EndProject
Project("{9A19103F-16F7-4668-BE54-9A1E7A4F7556}") = "Classroom.ShapeHierarchy", "Classroom.ShapeHierarchy\Classroom.ShapeHierarchy.csproj", "{2EE5D8E3-74C8-4EE3-8946-1D43CA941EDB}"
EndProject
Project("{9A19103F-16F7-4668-BE54-9A1E7A4F7556}") = "Classroom.SimpleCalculator.Tests", "Classroom.SimpleCalculator.Tests\Classroom.SimpleCalculator.Tests.csproj", "{8026A1EF-15BA-465F-9B67-A2C5B39BE08E}"
EndProject
Project("{9A19103F-16F7-4668-BE54-9A1E7A4F7556}") = "Classroom.SimpleCalculator", "Classroom.SimpleCalculator\Classroom.SimpleCalculator.csproj", "{48643A20-E362-4FAC-871E-A734CCC49B63}"
EndProject
Project("{9A19103F-16F7-4668-BE54-9A1E7A4F7556}") = "Classroom.TextAnalyzerMedium", "Classroom.TextAnalyzerMedium\Classroom.TextAnalyzerMedium.csproj", "{EBEA576B-CD51-4174-8F5B-FDAAD8B72172}"
EndProject
Project("{FAE04EC0-301F-11D3-BF4B-00C04F79EFBC}") = "Classroom.DirectoryExplorer", "Classroom.DirectoryExplorer\Classroom.DirectoryExplorer.csproj", "{DFF8253E-9308-4548-B003-B5C9D7FA8BC6}"
EndProject
Global
	GlobalSection(SolutionConfigurationPlatforms) = preSolution
		Debug|Any CPU = Debug|Any CPU
		Release|Any CPU = Release|Any CPU
	EndGlobalSection
	GlobalSection(ProjectConfigurationPlatforms) = postSolution
		{0F20EF2D-CD53-4376-A082-A7DB3CDC771B}.Debug|Any CPU.ActiveCfg = Debug|Any CPU
		{0F20EF2D-CD53-4376-A082-A7DB3CDC771B}.Debug|Any CPU.Build.0 = Debug|Any CPU
		{0F20EF2D-CD53-4376-A082-A7DB3CDC771B}.Release|Any CPU.ActiveCfg = Release|Any CPU
		{0F20EF2D-CD53-4376-A082-A7DB3CDC771B}.Release|Any CPU.Build.0 = Release|Any CPU
		{67FF74AE-8965-4845-AE3D-0BC6A7FF7042}.Debug|Any CPU.ActiveCfg = Debug|Any CPU
		{67FF74AE-8965-4845-AE3D-0BC6A7FF7042}.Debug|Any CPU.Build.0 = Debug|Any CPU
		{67FF74AE-8965-4845-AE3D-0BC6A7FF7042}.Release|Any CPU.ActiveCfg = Release|Any CPU
		{67FF74AE-8965-4845-AE3D-0BC6A7FF7042}.Release|Any CPU.Build.0 = Release|Any CPU
		{61A93E0B-B299-428B-B8DA-F1976FF8E750}.Debug|Any CPU.ActiveCfg = Debug|Any CPU
		{61A93E0B-B299-428B-B8DA-F1976FF8E750}.Debug|Any CPU.Build.0 = Debug|Any CPU
		{61A93E0B-B299-428B-B8DA-F1976FF8E750}.Release|Any CPU.ActiveCfg = Release|Any CPU
		{61A93E0B-B299-428B-B8DA-F1976FF8E750}.Release|Any CPU.Build.0 = Release|Any CPU
		{F5509ED0-730C-41F6-AF19-B0B34B264ECD}.Debug|Any CPU.ActiveCfg = Debug|Any CPU
		{F5509ED0-730C-41F6-AF19-B0B34B264ECD}.Debug|Any CPU.Build.0 = Debug|Any CPU
		{F5509ED0-730C-41F6-AF19-B0B34B264ECD}.Release|Any CPU.ActiveCfg = Release|Any CPU
		{F5509ED0-730C-41F6-AF19-B0B34B264ECD}.Release|Any CPU.Build.0 = Release|Any CPU
		{D6F2701E-96AA-47DE-9042-BF15D741DA3D}.Debug|Any CPU.ActiveCfg = Debug|Any CPU
		{D6F2701E-96AA-47DE-9042-BF15D741DA3D}.Debug|Any CPU.Build.0 = Debug|Any CPU
		{D6F2701E-96AA-47DE-9042-BF15D741DA3D}.Release|Any CPU.ActiveCfg = Release|Any CPU
		{D6F2701E-96AA-47DE-9042-BF15D741DA3D}.Release|Any CPU.Build.0 = Release|Any CPU
		{F83DF1E0-6091-4AC0-94D0-F4226F09D95A}.Debug|Any CPU.ActiveCfg = Debug|Any CPU
		{F83DF1E0-6091-4AC0-94D0-F4226F09D95A}.Debug|Any CPU.Build.0 = Debug|Any CPU
		{F83DF1E0-6091-4AC0-94D0-F4226F09D95A}.Release|Any CPU.ActiveCfg = Release|Any CPU
		{F83DF1E0-6091-4AC0-94D0-F4226F09D95A}.Release|Any CPU.Build.0 = Release|Any CPU
		{3F7EBB50-36CB-4D17-9A0A-DCE9A77C7835}.Debug|Any CPU.ActiveCfg = Debug|Any CPU
		{3F7EBB50-36CB-4D17-9A0A-DCE9A77C7835}.Debug|Any CPU.Build.0 = Debug|Any CPU
		{3F7EBB50-36CB-4D17-9A0A-DCE9A77C7835}.Release|Any CPU.ActiveCfg = Release|Any CPU
		{3F7EBB50-36CB-4D17-9A0A-DCE9A77C7835}.Release|Any CPU.Build.0 = Release|Any CPU
		{3878FEC6-6B2C-4F59-9971-7EF5C778DE38}.Debug|Any CPU.ActiveCfg = Debug|Any CPU
		{3878FEC6-6B2C-4F59-9971-7EF5C778DE38}.Debug|Any CPU.Build.0 = Debug|Any CPU
		{3878FEC6-6B2C-4F59-9971-7EF5C778DE38}.Release|Any CPU.ActiveCfg = Release|Any CPU
		{3878FEC6-6B2C-4F59-9971-7EF5C778DE38}.Release|Any CPU.Build.0 = Release|Any CPU
		{FB351DC6-182B-442F-8190-3FC253C53A13}.Debug|Any CPU.ActiveCfg = Debug|Any CPU
		{FB351DC6-182B-442F-8190-3FC253C53A13}.Debug|Any CPU.Build.0 = Debug|Any CPU
		{FB351DC6-182B-442F-8190-3FC253C53A13}.Release|Any CPU.ActiveCfg = Release|Any CPU
		{FB351DC6-182B-442F-8190-3FC253C53A13}.Release|Any CPU.Build.0 = Release|Any CPU
		{9BD55098-527B-43EC-9422-73F7162C965E}.Debug|Any CPU.ActiveCfg = Debug|Any CPU
		{9BD55098-527B-43EC-9422-73F7162C965E}.Debug|Any CPU.Build.0 = Debug|Any CPU
		{9BD55098-527B-43EC-9422-73F7162C965E}.Release|Any CPU.ActiveCfg = Release|Any CPU
		{9BD55098-527B-43EC-9422-73F7162C965E}.Release|Any CPU.Build.0 = Release|Any CPU
		{6540D481-B420-4BAB-89DC-B0EEF9F2D3A8}.Debug|Any CPU.ActiveCfg = Debug|Any CPU
		{6540D481-B420-4BAB-89DC-B0EEF9F2D3A8}.Debug|Any CPU.Build.0 = Debug|Any CPU
		{6540D481-B420-4BAB-89DC-B0EEF9F2D3A8}.Release|Any CPU.ActiveCfg = Release|Any CPU
		{6540D481-B420-4BAB-89DC-B0EEF9F2D3A8}.Release|Any CPU.Build.0 = Release|Any CPU
		{569CA69F-C74C-4BA0-B727-14B0C5DA6A18}.Debug|Any CPU.ActiveCfg = Debug|Any CPU
		{569CA69F-C74C-4BA0-B727-14B0C5DA6A18}.Debug|Any CPU.Build.0 = Debug|Any CPU
		{569CA69F-C74C-4BA0-B727-14B0C5DA6A18}.Release|Any CPU.ActiveCfg = Release|Any CPU
		{569CA69F-C74C-4BA0-B727-14B0C5DA6A18}.Release|Any CPU.Build.0 = Release|Any CPU
		{C668077B-4BE0-45D8-BA5A-3D2EFAE3B011}.Debug|Any CPU.ActiveCfg = Debug|Any CPU
		{C668077B-4BE0-45D8-BA5A-3D2EFAE3B011}.Debug|Any CPU.Build.0 = Debug|Any CPU
		{C668077B-4BE0-45D8-BA5A-3D2EFAE3B011}.Release|Any CPU.ActiveCfg = Release|Any CPU
		{C668077B-4BE0-45D8-BA5A-3D2EFAE3B011}.Release|Any CPU.Build.0 = Release|Any CPU
		{A0B1B16D-B4B5-4972-BE13-AA7C56C8389D}.Debug|Any CPU.ActiveCfg = Debug|Any CPU
		{A0B1B16D-B4B5-4972-BE13-AA7C56C8389D}.Debug|Any CPU.Build.0 = Debug|Any CPU
		{A0B1B16D-B4B5-4972-BE13-AA7C56C8389D}.Release|Any CPU.ActiveCfg = Release|Any CPU
		{A0B1B16D-B4B5-4972-BE13-AA7C56C8389D}.Release|Any CPU.Build.0 = Release|Any CPU
		{027B8634-CFAF-4D68-8B28-B659E9B2F507}.Debug|Any CPU.ActiveCfg = Debug|Any CPU
		{027B8634-CFAF-4D68-8B28-B659E9B2F507}.Debug|Any CPU.Build.0 = Debug|Any CPU
		{027B8634-CFAF-4D68-8B28-B659E9B2F507}.Release|Any CPU.ActiveCfg = Release|Any CPU
		{027B8634-CFAF-4D68-8B28-B659E9B2F507}.Release|Any CPU.Build.0 = Release|Any CPU
		{B05DE573-6D8E-4F4E-A647-DAFA591747DB}.Debug|Any CPU.ActiveCfg = Debug|Any CPU
		{B05DE573-6D8E-4F4E-A647-DAFA591747DB}.Debug|Any CPU.Build.0 = Debug|Any CPU
		{B05DE573-6D8E-4F4E-A647-DAFA591747DB}.Release|Any CPU.ActiveCfg = Release|Any CPU
		{B05DE573-6D8E-4F4E-A647-DAFA591747DB}.Release|Any CPU.Build.0 = Release|Any CPU
		{B07DA8C2-212B-4A9B-BB24-297C20AFC71D}.Debug|Any CPU.ActiveCfg = Debug|Any CPU
		{B07DA8C2-212B-4A9B-BB24-297C20AFC71D}.Debug|Any CPU.Build.0 = Debug|Any CPU
		{B07DA8C2-212B-4A9B-BB24-297C20AFC71D}.Release|Any CPU.ActiveCfg = Release|Any CPU
		{B07DA8C2-212B-4A9B-BB24-297C20AFC71D}.Release|Any CPU.Build.0 = Release|Any CPU
		{D345972D-FA04-4642-9731-E40DF3715258}.Debug|Any CPU.ActiveCfg = Debug|Any CPU
		{D345972D-FA04-4642-9731-E40DF3715258}.Debug|Any CPU.Build.0 = Debug|Any CPU
		{D345972D-FA04-4642-9731-E40DF3715258}.Release|Any CPU.ActiveCfg = Release|Any CPU
		{D345972D-FA04-4642-9731-E40DF3715258}.Release|Any CPU.Build.0 = Release|Any CPU
		{7667AC04-195D-4B7D-A8D0-ECC003F4AE04}.Debug|Any CPU.ActiveCfg = Debug|Any CPU
		{7667AC04-195D-4B7D-A8D0-ECC003F4AE04}.Debug|Any CPU.Build.0 = Debug|Any CPU
		{7667AC04-195D-4B7D-A8D0-ECC003F4AE04}.Release|Any CPU.ActiveCfg = Release|Any CPU
		{7667AC04-195D-4B7D-A8D0-ECC003F4AE04}.Release|Any CPU.Build.0 = Release|Any CPU
		{C8538669-66FE-4EC5-8168-7D6BD140CFC6}.Debug|Any CPU.ActiveCfg = Debug|Any CPU
		{C8538669-66FE-4EC5-8168-7D6BD140CFC6}.Debug|Any CPU.Build.0 = Debug|Any CPU
		{C8538669-66FE-4EC5-8168-7D6BD140CFC6}.Release|Any CPU.ActiveCfg = Release|Any CPU
		{C8538669-66FE-4EC5-8168-7D6BD140CFC6}.Release|Any CPU.Build.0 = Release|Any CPU
		{EE5C5132-6CBA-4305-8216-4AFB6D4F7C19}.Debug|Any CPU.ActiveCfg = Debug|Any CPU
		{EE5C5132-6CBA-4305-8216-4AFB6D4F7C19}.Debug|Any CPU.Build.0 = Debug|Any CPU
		{EE5C5132-6CBA-4305-8216-4AFB6D4F7C19}.Release|Any CPU.ActiveCfg = Release|Any CPU
		{EE5C5132-6CBA-4305-8216-4AFB6D4F7C19}.Release|Any CPU.Build.0 = Release|Any CPU
		{004330FD-3598-4C57-994A-ED8D4E1A039E}.Debug|Any CPU.ActiveCfg = Debug|Any CPU
		{004330FD-3598-4C57-994A-ED8D4E1A039E}.Debug|Any CPU.Build.0 = Debug|Any CPU
		{004330FD-3598-4C57-994A-ED8D4E1A039E}.Release|Any CPU.ActiveCfg = Release|Any CPU
		{004330FD-3598-4C57-994A-ED8D4E1A039E}.Release|Any CPU.Build.0 = Release|Any CPU
		{D5810233-697B-44D5-AFDD-7EF6C4DC7467}.Debug|Any CPU.ActiveCfg = Debug|Any CPU
		{D5810233-697B-44D5-AFDD-7EF6C4DC7467}.Debug|Any CPU.Build.0 = Debug|Any CPU
		{D5810233-697B-44D5-AFDD-7EF6C4DC7467}.Release|Any CPU.ActiveCfg = Release|Any CPU
		{D5810233-697B-44D5-AFDD-7EF6C4DC7467}.Release|Any CPU.Build.0 = Release|Any CPU
		{6DBB1362-E8B8-47A1-8636-F21C1358E596}.Debug|Any CPU.ActiveCfg = Debug|Any CPU
		{6DBB1362-E8B8-47A1-8636-F21C1358E596}.Debug|Any CPU.Build.0 = Debug|Any CPU
		{6DBB1362-E8B8-47A1-8636-F21C1358E596}.Release|Any CPU.ActiveCfg = Release|Any CPU
		{6DBB1362-E8B8-47A1-8636-F21C1358E596}.Release|Any CPU.Build.0 = Release|Any CPU
		{2DE67929-A290-4BAE-AA51-252684913319}.Debug|Any CPU.ActiveCfg = Debug|Any CPU
		{2DE67929-A290-4BAE-AA51-252684913319}.Debug|Any CPU.Build.0 = Debug|Any CPU
		{2DE67929-A290-4BAE-AA51-252684913319}.Release|Any CPU.ActiveCfg = Release|Any CPU
		{2DE67929-A290-4BAE-AA51-252684913319}.Release|Any CPU.Build.0 = Release|Any CPU
		{45A8C21F-3A41-499D-8494-B96AE8CED0C5}.Debug|Any CPU.ActiveCfg = Debug|Any CPU
		{45A8C21F-3A41-499D-8494-B96AE8CED0C5}.Debug|Any CPU.Build.0 = Debug|Any CPU
		{45A8C21F-3A41-499D-8494-B96AE8CED0C5}.Release|Any CPU.ActiveCfg = Release|Any CPU
		{45A8C21F-3A41-499D-8494-B96AE8CED0C5}.Release|Any CPU.Build.0 = Release|Any CPU
		{3C4E23F8-09A7-498A-A317-EA8A5D9005A8}.Debug|Any CPU.ActiveCfg = Debug|Any CPU
		{3C4E23F8-09A7-498A-A317-EA8A5D9005A8}.Debug|Any CPU.Build.0 = Debug|Any CPU
		{3C4E23F8-09A7-498A-A317-EA8A5D9005A8}.Release|Any CPU.ActiveCfg = Release|Any CPU
		{3C4E23F8-09A7-498A-A317-EA8A5D9005A8}.Release|Any CPU.Build.0 = Release|Any CPU
		{5B287881-07C6-43C7-B187-65652A65D738}.Debug|Any CPU.ActiveCfg = Debug|Any CPU
		{5B287881-07C6-43C7-B187-65652A65D738}.Debug|Any CPU.Build.0 = Debug|Any CPU
		{5B287881-07C6-43C7-B187-65652A65D738}.Release|Any CPU.ActiveCfg = Release|Any CPU
		{5B287881-07C6-43C7-B187-65652A65D738}.Release|Any CPU.Build.0 = Release|Any CPU
		{8B0B7354-7F3B-4619-B00E-813382783ED2}.Debug|Any CPU.ActiveCfg = Debug|Any CPU
		{8B0B7354-7F3B-4619-B00E-813382783ED2}.Debug|Any CPU.Build.0 = Debug|Any CPU
		{8B0B7354-7F3B-4619-B00E-813382783ED2}.Release|Any CPU.ActiveCfg = Release|Any CPU
		{8B0B7354-7F3B-4619-B00E-813382783ED2}.Release|Any CPU.Build.0 = Release|Any CPU
		{2EE5D8E3-74C8-4EE3-8946-1D43CA941EDB}.Debug|Any CPU.ActiveCfg = Debug|Any CPU
		{2EE5D8E3-74C8-4EE3-8946-1D43CA941EDB}.Debug|Any CPU.Build.0 = Debug|Any CPU
		{2EE5D8E3-74C8-4EE3-8946-1D43CA941EDB}.Release|Any CPU.ActiveCfg = Release|Any CPU
		{2EE5D8E3-74C8-4EE3-8946-1D43CA941EDB}.Release|Any CPU.Build.0 = Release|Any CPU
		{8026A1EF-15BA-465F-9B67-A2C5B39BE08E}.Debug|Any CPU.ActiveCfg = Debug|Any CPU
		{8026A1EF-15BA-465F-9B67-A2C5B39BE08E}.Debug|Any CPU.Build.0 = Debug|Any CPU
		{8026A1EF-15BA-465F-9B67-A2C5B39BE08E}.Release|Any CPU.ActiveCfg = Release|Any CPU
		{8026A1EF-15BA-465F-9B67-A2C5B39BE08E}.Release|Any CPU.Build.0 = Release|Any CPU
		{48643A20-E362-4FAC-871E-A734CCC49B63}.Debug|Any CPU.ActiveCfg = Debug|Any CPU
		{48643A20-E362-4FAC-871E-A734CCC49B63}.Debug|Any CPU.Build.0 = Debug|Any CPU
		{48643A20-E362-4FAC-871E-A734CCC49B63}.Release|Any CPU.ActiveCfg = Release|Any CPU
		{48643A20-E362-4FAC-871E-A734CCC49B63}.Release|Any CPU.Build.0 = Release|Any CPU
		{EBEA576B-CD51-4174-8F5B-FDAAD8B72172}.Debug|Any CPU.ActiveCfg = Debug|Any CPU
		{EBEA576B-CD51-4174-8F5B-FDAAD8B72172}.Debug|Any CPU.Build.0 = Debug|Any CPU
		{EBEA576B-CD51-4174-8F5B-FDAAD8B72172}.Release|Any CPU.ActiveCfg = Release|Any CPU
		{EBEA576B-CD51-4174-8F5B-FDAAD8B72172}.Release|Any CPU.Build.0 = Release|Any CPU
		{DFF8253E-9308-4548-B003-B5C9D7FA8BC6}.Debug|Any CPU.ActiveCfg = Debug|Any CPU
		{DFF8253E-9308-4548-B003-B5C9D7FA8BC6}.Debug|Any CPU.Build.0 = Debug|Any CPU
		{DFF8253E-9308-4548-B003-B5C9D7FA8BC6}.Release|Any CPU.ActiveCfg = Release|Any CPU
		{DFF8253E-9308-4548-B003-B5C9D7FA8BC6}.Release|Any CPU.Build.0 = Release|Any CPU
	EndGlobalSection
	GlobalSection(SolutionProperties) = preSolution
		HideSolutionNode = FALSE
	EndGlobalSection
	GlobalSection(ExtensibilityGlobals) = postSolution
		SolutionGuid = {A1A01858-4C70-4F4B-BCE7-90D35472F49A}
	EndGlobalSection
EndGlobal
