
Microsoft Visual Studio Solution File, Format Version 12.00
# Visual Studio Version 17
VisualStudioVersion = 17.7.34202.233
MinimumVisualStudioVersion = 10.0.40219.1
Project("{9A19103F-16F7-4668-BE54-9A1E7A4F7556}") = "Assignments.ConsoleCalculator", "Assignments.ConsoleCalculator\Assignments.ConsoleCalculator.csproj", "{0F20EF2D-CD53-4376-A082-A7DB3CDC771B}"
EndProject
Project("{9A19103F-16F7-4668-BE54-9A1E7A4F7556}") = "Classroom.AgeBracketDetermination", "Classroom.AgeBracketDetermination\Classroom.AgeBracketDetermination.csproj", "{67FF74AE-8965-4845-AE3D-0BC6A7FF7042}"
EndProject
Project("{9A19103F-16F7-4668-BE54-9A1E7A4F7556}") = "Classroom.WeekdayOrWeekend", "Classroom.WeekdayOrWeekend\Classroom.WeekdayOrWeekend.csproj", "{61A93E0B-B299-428B-B8DA-F1976FF8E750}"
EndProject
Project("{9A19103F-16F7-4668-BE54-9A1E7A4F7556}") = "Assignments.VowelOrNot", "Assignments.VowelOrNot\Assignments.VowelOrNot.csproj", "{F5509ED0-730C-41F6-AF19-B0B34B264ECD}"
EndProject
Project("{9A19103F-16F7-4668-BE54-9A1E7A4F7556}") = "Assignments.NthFibonacci", "Assignments.NthFibonacci\Assignments.NthFibonacci.csproj", "{D6F2701E-96AA-47DE-9042-BF15D741DA3D}"
EndProject
Project("{9A19103F-16F7-4668-BE54-9A1E7A4F7556}") = "Assignments.BinarySearch", "Assignments.BinarySearch\Assignments.BinarySearch.csproj", "{F83DF1E0-6091-4AC0-94D0-F4226F09D95A}"
EndProject
Project("{9A19103F-16F7-4668-BE54-9A1E7A4F7556}") = "Assignments.NumberToBinary", "Assignments.NumberToBinary\Assignments.NumberToBinary.csproj", "{3F7EBB50-36CB-4D17-9A0A-DCE9A77C7835}"
EndProject
Project("{FAE04EC0-301F-11D3-BF4B-00C04F79EFBC}") = "Clasroom.NumberPrinter", "Clasroom.NumberPrinter\Clasroom.NumberPrinter.csproj", "{3878FEC6-6B2C-4F59-9971-7EF5C778DE38}"
EndProject
Global
	GlobalSection(SolutionConfigurationPlatforms) = preSolution
		Debug|Any CPU = Debug|Any CPU
		Release|Any CPU = Release|Any CPU
	EndGlobalSection
	GlobalSection(ProjectConfigurationPlatforms) = postSolution
		{0F20EF2D-CD53-4376-A082-A7DB3CDC771B}.Debug|Any CPU.ActiveCfg = Debug|Any CPU
		{0F20EF2D-CD53-4376-A082-A7DB3CDC771B}.Debug|Any CPU.Build.0 = Debug|Any CPU
		{0F20EF2D-CD53-4376-A082-A7DB3CDC771B}.Release|Any CPU.ActiveCfg = Release|Any CPU
		{0F20EF2D-CD53-4376-A082-A7DB3CDC771B}.Release|Any CPU.Build.0 = Release|Any CPU
		{67FF74AE-8965-4845-AE3D-0BC6A7FF7042}.Debug|Any CPU.ActiveCfg = Debug|Any CPU
		{67FF74AE-8965-4845-AE3D-0BC6A7FF7042}.Debug|Any CPU.Build.0 = Debug|Any CPU
		{67FF74AE-8965-4845-AE3D-0BC6A7FF7042}.Release|Any CPU.ActiveCfg = Release|Any CPU
		{67FF74AE-8965-4845-AE3D-0BC6A7FF7042}.Release|Any CPU.Build.0 = Release|Any CPU
		{61A93E0B-B299-428B-B8DA-F1976FF8E750}.Debug|Any CPU.ActiveCfg = Debug|Any CPU
		{61A93E0B-B299-428B-B8DA-F1976FF8E750}.Debug|Any CPU.Build.0 = Debug|Any CPU
		{61A93E0B-B299-428B-B8DA-F1976FF8E750}.Release|Any CPU.ActiveCfg = Release|Any CPU
		{61A93E0B-B299-428B-B8DA-F1976FF8E750}.Release|Any CPU.Build.0 = Release|Any CPU
		{F5509ED0-730C-41F6-AF19-B0B34B264ECD}.Debug|Any CPU.ActiveCfg = Debug|Any CPU
		{F5509ED0-730C-41F6-AF19-B0B34B264ECD}.Debug|Any CPU.Build.0 = Debug|Any CPU
		{F5509ED0-730C-41F6-AF19-B0B34B264ECD}.Release|Any CPU.ActiveCfg = Release|Any CPU
		{F5509ED0-730C-41F6-AF19-B0B34B264ECD}.Release|Any CPU.Build.0 = Release|Any CPU
		{D6F2701E-96AA-47DE-9042-BF15D741DA3D}.Debug|Any CPU.ActiveCfg = Debug|Any CPU
		{D6F2701E-96AA-47DE-9042-BF15D741DA3D}.Debug|Any CPU.Build.0 = Debug|Any CPU
		{D6F2701E-96AA-47DE-9042-BF15D741DA3D}.Release|Any CPU.ActiveCfg = Release|Any CPU
		{D6F2701E-96AA-47DE-9042-BF15D741DA3D}.Release|Any CPU.Build.0 = Release|Any CPU
		{F83DF1E0-6091-4AC0-94D0-F4226F09D95A}.Debug|Any CPU.ActiveCfg = Debug|Any CPU
		{F83DF1E0-6091-4AC0-94D0-F4226F09D95A}.Debug|Any CPU.Build.0 = Debug|Any CPU
		{F83DF1E0-6091-4AC0-94D0-F4226F09D95A}.Release|Any CPU.ActiveCfg = Release|Any CPU
		{F83DF1E0-6091-4AC0-94D0-F4226F09D95A}.Release|Any CPU.Build.0 = Release|Any CPU
		{3F7EBB50-36CB-4D17-9A0A-DCE9A77C7835}.Debug|Any CPU.ActiveCfg = Debug|Any CPU
		{3F7EBB50-36CB-4D17-9A0A-DCE9A77C7835}.Debug|Any CPU.Build.0 = Debug|Any CPU
		{3F7EBB50-36CB-4D17-9A0A-DCE9A77C7835}.Release|Any CPU.ActiveCfg = Release|Any CPU
		{3F7EBB50-36CB-4D17-9A0A-DCE9A77C7835}.Release|Any CPU.Build.0 = Release|Any CPU
		{3878FEC6-6B2C-4F59-9971-7EF5C778DE38}.Debug|Any CPU.ActiveCfg = Debug|Any CPU
		{3878FEC6-6B2C-4F59-9971-7EF5C778DE38}.Debug|Any CPU.Build.0 = Debug|Any CPU
		{3878FEC6-6B2C-4F59-9971-7EF5C778DE38}.Release|Any CPU.ActiveCfg = Release|Any CPU
		{3878FEC6-6B2C-4F59-9971-7EF5C778DE38}.Release|Any CPU.Build.0 = Release|Any CPU
	EndGlobalSection
	GlobalSection(SolutionProperties) = preSolution
		HideSolutionNode = FALSE
	EndGlobalSection
	GlobalSection(ExtensibilityGlobals) = postSolution
		SolutionGuid = {A1A01858-4C70-4F4B-BCE7-90D35472F49A}
	EndGlobalSection
EndGlobal
